
Microsoft Visual Studio Solution File, Format Version 12.00
# Visual Studio Version 17
VisualStudioVersion = 17.3.32929.385
MinimumVisualStudioVersion = 10.0.40219.1
Project("{FAE04EC0-301F-11D3-BF4B-00C04F79EFBC}") = "Group1Web1", "Group1Web1\Group1Web1.csproj", "{235B3D28-56A6-482C-8BBC-F5CA1A015521}"
EndProject
Global
	GlobalSection(SolutionConfigurationPlatforms) = preSolution
		Debug|Any CPU = Debug|Any CPU
		Release|Any CPU = Release|Any CPU
	EndGlobalSection
	GlobalSection(ProjectConfigurationPlatforms) = postSolution
		{235B3D28-56A6-482C-8BBC-F5CA1A015521}.Debug|Any CPU.ActiveCfg = Debug|Any CPU
		{235B3D28-56A6-482C-8BBC-F5CA1A015521}.Debug|Any CPU.Build.0 = Debug|Any CPU
		{235B3D28-56A6-482C-8BBC-F5CA1A015521}.Release|Any CPU.ActiveCfg = Release|Any CPU
		{235B3D28-56A6-482C-8BBC-F5CA1A015521}.Release|Any CPU.Build.0 = Release|Any CPU
	EndGlobalSection
	GlobalSection(SolutionProperties) = preSolution
		HideSolutionNode = FALSE
	EndGlobalSection
	GlobalSection(ExtensibilityGlobals) = postSolution
		SolutionGuid = {73AF9A59-7190-4361-AEB6-C43F3539D6A9}
	EndGlobalSection
EndGlobal
